
Microsoft Visual Studio Solution File, Format Version 12.00
# Visual Studio 15
VisualStudioVersion = 15.0.27428.2037
MinimumVisualStudioVersion = 10.0.40219.1
Project("{FAE04EC0-301F-11D3-BF4B-00C04F79EFBC}") = "KMeansPokemon", "KMeansPokemon\KMeansPokemon.csproj", "{0C9AC098-74AC-424B-90D7-FECC296ECA15}"
EndProject
Global
	GlobalSection(SolutionConfigurationPlatforms) = preSolution
		Debug|Any CPU = Debug|Any CPU
		Release|Any CPU = Release|Any CPU
	EndGlobalSection
	GlobalSection(ProjectConfigurationPlatforms) = postSolution
		{0C9AC098-74AC-424B-90D7-FECC296ECA15}.Debug|Any CPU.ActiveCfg = Debug|Any CPU
		{0C9AC098-74AC-424B-90D7-FECC296ECA15}.Debug|Any CPU.Build.0 = Debug|Any CPU
		{0C9AC098-74AC-424B-90D7-FECC296ECA15}.Release|Any CPU.ActiveCfg = Release|Any CPU
		{0C9AC098-74AC-424B-90D7-FECC296ECA15}.Release|Any CPU.Build.0 = Release|Any CPU
	EndGlobalSection
	GlobalSection(SolutionProperties) = preSolution
		HideSolutionNode = FALSE
	EndGlobalSection
	GlobalSection(ExtensibilityGlobals) = postSolution
		SolutionGuid = {657A8341-E45F-4A7B-81CF-676F04835972}
	EndGlobalSection
EndGlobal
