
Microsoft Visual Studio Solution File, Format Version 12.00
# Visual Studio 15
VisualStudioVersion = 15.0.27428.2037
MinimumVisualStudioVersion = 10.0.40219.1
Project("{FAE04EC0-301F-11D3-BF4B-00C04F79EFBC}") = "ConsoleApp1", "ConsoleApp1\ConsoleApp1.csproj", "{4E665CE0-96B2-4C0F-9E33-B1542693DD6C}"
EndProject
Global
	GlobalSection(SolutionConfigurationPlatforms) = preSolution
		Debug|Any CPU = Debug|Any CPU
		Release|Any CPU = Release|Any CPU
	EndGlobalSection
	GlobalSection(ProjectConfigurationPlatforms) = postSolution
		{4E665CE0-96B2-4C0F-9E33-B1542693DD6C}.Debug|Any CPU.ActiveCfg = Debug|Any CPU
		{4E665CE0-96B2-4C0F-9E33-B1542693DD6C}.Debug|Any CPU.Build.0 = Debug|Any CPU
		{4E665CE0-96B2-4C0F-9E33-B1542693DD6C}.Release|Any CPU.ActiveCfg = Release|Any CPU
		{4E665CE0-96B2-4C0F-9E33-B1542693DD6C}.Release|Any CPU.Build.0 = Release|Any CPU
	EndGlobalSection
	GlobalSection(SolutionProperties) = preSolution
		HideSolutionNode = FALSE
	EndGlobalSection
	GlobalSection(ExtensibilityGlobals) = postSolution
		SolutionGuid = {37E897CA-56F3-4DC2-AC07-34D7096AE589}
	EndGlobalSection
EndGlobal
